
Microsoft Visual Studio Solution File, Format Version 12.00
# Visual Studio Version 17
VisualStudioVersion = 17.11.35303.130
MinimumVisualStudioVersion = 10.0.40219.1
Project("{2150E333-8FDC-42A3-9474-1A3956D46DE8}") = "Task0", "Task0", "{10817084-FAD8-493B-8D03-018F494E4DC4}"
EndProject
Project("{9A19103F-16F7-4668-BE54-9A1E7A4F7556}") = "Tyuiu.ShakirovaGM.Sprint1.Task0.V14", "Tyuiu.ShakirovaGM.Sprint1.Task0.V14\Tyuiu.ShakirovaGM.Sprint1.Task0.V14.csproj", "{BBB9EE1F-A6D0-4C24-B912-DFBD0FC993E5}"
EndProject
Project("{9A19103F-16F7-4668-BE54-9A1E7A4F7556}") = "Tyuiu.ShakirovaGM.Sprint1.Task0.V14.Lib", "Tyuiu.ShakirovaGM.Sprint1.Task0.V14.Lib\Tyuiu.ShakirovaGM.Sprint1.Task0.V14.Lib.csproj", "{93AF37D6-77BB-4D0E-8084-D5907AE869B2}"
EndProject
Project("{9A19103F-16F7-4668-BE54-9A1E7A4F7556}") = "Tyuiu.ShakirovaGM.Sprint1.Task0.V14.Test", "Tyuiu.ShakirovaGM.Sprint1.Task0.V14.Test\Tyuiu.ShakirovaGM.Sprint1.Task0.V14.Test.csproj", "{4A02F054-6AC9-4527-A116-19B70CE82C8F}"
EndProject
Project("{2150E333-8FDC-42A3-9474-1A3956D46DE8}") = "Task1", "Task1", "{0362D94F-B4F7-4A2A-A79F-5DF56D367CF2}"
EndProject
Project("{9A19103F-16F7-4668-BE54-9A1E7A4F7556}") = "Tyuiu.ShakirovaGM.Sprint1.Task1.V8", "Tyuiu.ShakirovaGM.Sprint1.Task1.V8\Tyuiu.ShakirovaGM.Sprint1.Task1.V8.csproj", "{C53B435A-FFFC-45BF-8B89-911A9B318404}"
EndProject
Project("{9A19103F-16F7-4668-BE54-9A1E7A4F7556}") = "Tyuiu.ShakirovaGM.Sprint1.Task1.V8.Lib", "Tyuiu.ShakirovaGM.Sprint1.Task1.V8.Lib\Tyuiu.ShakirovaGM.Sprint1.Task1.V8.Lib.csproj", "{B2F671AE-9D16-46AA-BB08-168234E7EAD5}"
EndProject
Project("{9A19103F-16F7-4668-BE54-9A1E7A4F7556}") = "Tyuiu.ShakirovaGM.Sprint1.Task1.V8.Test", "Tyuiu.ShakirovaGM.Sprint1.Task1.V8.Test\Tyuiu.ShakirovaGM.Sprint1.Task1.V8.Test.csproj", "{1317ECD4-3A5D-401B-A286-39F668B4FA84}"
EndProject
Project("{2150E333-8FDC-42A3-9474-1A3956D46DE8}") = "Task2", "Task2", "{221512CA-6CCF-4417-80C0-AEE63D3DFA42}"
EndProject
Project("{9A19103F-16F7-4668-BE54-9A1E7A4F7556}") = "Tyuiu.ShakirovaGM.Sprint1.Task2.V11", "Tyuiu.ShakirovaGM.Sprint1.Task2.V11\Tyuiu.ShakirovaGM.Sprint1.Task2.V11.csproj", "{DEB7DE1B-8DE7-44E0-AB7B-6BF242C4AFF0}"
EndProject
Project("{9A19103F-16F7-4668-BE54-9A1E7A4F7556}") = "Tyuiu.ShakirovaGM.Sprint1.Task2.V11.Lib", "Tyuiu.ShakirovaGM.Sprint1.Task2.V11.Lib\Tyuiu.ShakirovaGM.Sprint1.Task2.V11.Lib.csproj", "{BD31A67C-D196-41AD-96E2-72F665D593AC}"
EndProject
Project("{9A19103F-16F7-4668-BE54-9A1E7A4F7556}") = "Tyuiu.ShakirovaGM.Sprint1.Task2.V11.Test", "Tyuiu.ShakirovaGM.Sprint1.Task2.V11.Test\Tyuiu.ShakirovaGM.Sprint1.Task2.V11.Test.csproj", "{DDCC9930-1703-4C17-8C4B-230D50FDA316}"
EndProject
Project("{2150E333-8FDC-42A3-9474-1A3956D46DE8}") = "Task3", "Task3", "{228AD718-3425-4172-8BD8-247DB3F70617}"
EndProject
Project("{9A19103F-16F7-4668-BE54-9A1E7A4F7556}") = "Tyuiu.ShakirovaGM.Sprint1.Task3.V14", "Tyuiu.ShakirovaGM.Sprint1.Task3.V14\Tyuiu.ShakirovaGM.Sprint1.Task3.V14.csproj", "{3DEFE6D1-64D5-4F22-9F44-A2A70A4B9AAB}"
EndProject
Project("{9A19103F-16F7-4668-BE54-9A1E7A4F7556}") = "Tyuiu.ShakirovaGM.Sprint1.Task3.V14.Lib", "Tyuiu.ShakirovaGM.Sprint1.Task3.V14.Lib\Tyuiu.ShakirovaGM.Sprint1.Task3.V14.Lib.csproj", "{DC33B442-A396-4619-A147-038C80BE29CD}"
EndProject
Project("{9A19103F-16F7-4668-BE54-9A1E7A4F7556}") = "Tyuiu.ShakirovaGM.Sprint1.Task3.V14.Test", "Tyuiu.ShakirovaGM.Sprint1.Task3.V14.Test\Tyuiu.ShakirovaGM.Sprint1.Task3.V14.Test.csproj", "{AC58C322-BDAE-49D2-A499-0D2C57A7FD09}"
EndProject
Project("{2150E333-8FDC-42A3-9474-1A3956D46DE8}") = "Task4", "Task4", "{827A092C-70EF-4ECC-A679-40500C1D3FB3}"
EndProject
Project("{9A19103F-16F7-4668-BE54-9A1E7A4F7556}") = "Tyuiu.ShakirovaGM.Sprint1.Task4.V18", "Tyuiu.ShakirovaGM.Sprint1.Task4.V18\Tyuiu.ShakirovaGM.Sprint1.Task4.V18.csproj", "{61C08127-8997-43C9-B455-1F1AA06347E6}"
EndProject
Project("{9A19103F-16F7-4668-BE54-9A1E7A4F7556}") = "Tyuiu.ShakirovaGM.Sprint1.Task4.V18.Test", "Tyuiu.ShakirovaGM.Sprint1.Task4.V18.Test\Tyuiu.ShakirovaGM.Sprint1.Task4.V18.Test.csproj", "{0A7EACDF-0C23-4694-BD84-012C24E476AD}"
EndProject
Project("{9A19103F-16F7-4668-BE54-9A1E7A4F7556}") = "Tyuiu.ShakirovaGM.Sprint1.Task4.V18.Lib", "Tyuiu.ShakirovaGM.Sprint1.Task4.V18.Lib\Tyuiu.ShakirovaGM.Sprint1.Task4.V18.Lib.csproj", "{2F503E85-861D-4074-B698-719B05DB0C76}"
EndProject
Project("{2150E333-8FDC-42A3-9474-1A3956D46DE8}") = "Task5", "Task5", "{B16B64C8-56A7-45B9-BF9D-CB03F77FD11A}"
EndProject
Project("{9A19103F-16F7-4668-BE54-9A1E7A4F7556}") = "Tyuiu.ShakirovaGM.Sprint1.Task5.V3.Lib", "Tyuiu.ShakirovaGM.Sprint1.Task5.V3.Lib\Tyuiu.ShakirovaGM.Sprint1.Task5.V3.Lib.csproj", "{F23BA7D6-FAEA-4C85-B769-E48D489AF253}"
EndProject
Project("{9A19103F-16F7-4668-BE54-9A1E7A4F7556}") = "Tyuiu.ShakirovaGM.Sprint1.Task5.V3.Test", "Tyuiu.ShakirovaGM.Sprint1.Task5.V3.Test\Tyuiu.ShakirovaGM.Sprint1.Task5.V3.Test.csproj", "{4E17C4D2-09D4-4DCE-9C1D-DCB016FFC135}"
EndProject
Project("{9A19103F-16F7-4668-BE54-9A1E7A4F7556}") = "Tyuiu.ShakirovaGM.Sprint1.Task5.V3", "Tyuiu.ShakirovaGM.Sprint1.Task5.V3\Tyuiu.ShakirovaGM.Sprint1.Task5.V3.csproj", "{166D451F-34D3-45FF-9DAC-DF2940BD8052}"
EndProject
Project("{2150E333-8FDC-42A3-9474-1A3956D46DE8}") = "Task6", "Task6", "{13D42B6E-E5C6-46E6-8736-62A059ABB9B8}"
EndProject
Project("{FAE04EC0-301F-11D3-BF4B-00C04F79EFBC}") = "Tyuiu.ShakirovaGM.Sprint1.Task6.V1", "Tyuiu.ShakirovaGM.Sprint1.Task6.V1\Tyuiu.ShakirovaGM.Sprint1.Task6.V1.csproj", "{719C8FA7-CCA9-438F-A3DC-D6394A50A375}"
EndProject
Project("{FAE04EC0-301F-11D3-BF4B-00C04F79EFBC}") = "Tyuiu.ShakirovaGM.Sprint1.Task6.V1.Test", "Tyuiu.ShakirovaGM.Sprint1.Task6.V1.Test\Tyuiu.ShakirovaGM.Sprint1.Task6.V1.Test.csproj", "{023F4DF0-C5B4-4EB3-9CD9-89A3AAA19268}"
EndProject
Project("{FAE04EC0-301F-11D3-BF4B-00C04F79EFBC}") = "Tyuiu.ShakirovaGM.Sprint1.Task6.V1.Lib", "Tyuiu.ShakirovaGM.Sprint1.Task6.V1.Lib\Tyuiu.ShakirovaGM.Sprint1.Task6.V1.Lib.csproj", "{5F8CB52A-BA67-4D9A-9D20-25A44530789C}"
EndProject
Global
	GlobalSection(SolutionConfigurationPlatforms) = preSolution
		Debug|Any CPU = Debug|Any CPU
		Release|Any CPU = Release|Any CPU
	EndGlobalSection
	GlobalSection(ProjectConfigurationPlatforms) = postSolution
		{BBB9EE1F-A6D0-4C24-B912-DFBD0FC993E5}.Debug|Any CPU.ActiveCfg = Debug|Any CPU
		{BBB9EE1F-A6D0-4C24-B912-DFBD0FC993E5}.Debug|Any CPU.Build.0 = Debug|Any CPU
		{BBB9EE1F-A6D0-4C24-B912-DFBD0FC993E5}.Release|Any CPU.ActiveCfg = Release|Any CPU
		{BBB9EE1F-A6D0-4C24-B912-DFBD0FC993E5}.Release|Any CPU.Build.0 = Release|Any CPU
		{93AF37D6-77BB-4D0E-8084-D5907AE869B2}.Debug|Any CPU.ActiveCfg = Debug|Any CPU
		{93AF37D6-77BB-4D0E-8084-D5907AE869B2}.Debug|Any CPU.Build.0 = Debug|Any CPU
		{93AF37D6-77BB-4D0E-8084-D5907AE869B2}.Release|Any CPU.ActiveCfg = Release|Any CPU
		{93AF37D6-77BB-4D0E-8084-D5907AE869B2}.Release|Any CPU.Build.0 = Release|Any CPU
		{4A02F054-6AC9-4527-A116-19B70CE82C8F}.Debug|Any CPU.ActiveCfg = Debug|Any CPU
		{4A02F054-6AC9-4527-A116-19B70CE82C8F}.Debug|Any CPU.Build.0 = Debug|Any CPU
		{4A02F054-6AC9-4527-A116-19B70CE82C8F}.Release|Any CPU.ActiveCfg = Release|Any CPU
		{4A02F054-6AC9-4527-A116-19B70CE82C8F}.Release|Any CPU.Build.0 = Release|Any CPU
		{C53B435A-FFFC-45BF-8B89-911A9B318404}.Debug|Any CPU.ActiveCfg = Debug|Any CPU
		{C53B435A-FFFC-45BF-8B89-911A9B318404}.Debug|Any CPU.Build.0 = Debug|Any CPU
		{C53B435A-FFFC-45BF-8B89-911A9B318404}.Release|Any CPU.ActiveCfg = Release|Any CPU
		{C53B435A-FFFC-45BF-8B89-911A9B318404}.Release|Any CPU.Build.0 = Release|Any CPU
		{B2F671AE-9D16-46AA-BB08-168234E7EAD5}.Debug|Any CPU.ActiveCfg = Debug|Any CPU
		{B2F671AE-9D16-46AA-BB08-168234E7EAD5}.Debug|Any CPU.Build.0 = Debug|Any CPU
		{B2F671AE-9D16-46AA-BB08-168234E7EAD5}.Release|Any CPU.ActiveCfg = Release|Any CPU
		{B2F671AE-9D16-46AA-BB08-168234E7EAD5}.Release|Any CPU.Build.0 = Release|Any CPU
		{1317ECD4-3A5D-401B-A286-39F668B4FA84}.Debug|Any CPU.ActiveCfg = Debug|Any CPU
		{1317ECD4-3A5D-401B-A286-39F668B4FA84}.Debug|Any CPU.Build.0 = Debug|Any CPU
		{1317ECD4-3A5D-401B-A286-39F668B4FA84}.Release|Any CPU.ActiveCfg = Release|Any CPU
		{1317ECD4-3A5D-401B-A286-39F668B4FA84}.Release|Any CPU.Build.0 = Release|Any CPU
		{DEB7DE1B-8DE7-44E0-AB7B-6BF242C4AFF0}.Debug|Any CPU.ActiveCfg = Debug|Any CPU
		{DEB7DE1B-8DE7-44E0-AB7B-6BF242C4AFF0}.Debug|Any CPU.Build.0 = Debug|Any CPU
		{DEB7DE1B-8DE7-44E0-AB7B-6BF242C4AFF0}.Release|Any CPU.ActiveCfg = Release|Any CPU
		{DEB7DE1B-8DE7-44E0-AB7B-6BF242C4AFF0}.Release|Any CPU.Build.0 = Release|Any CPU
		{BD31A67C-D196-41AD-96E2-72F665D593AC}.Debug|Any CPU.ActiveCfg = Debug|Any CPU
		{BD31A67C-D196-41AD-96E2-72F665D593AC}.Debug|Any CPU.Build.0 = Debug|Any CPU
		{BD31A67C-D196-41AD-96E2-72F665D593AC}.Release|Any CPU.ActiveCfg = Release|Any CPU
		{BD31A67C-D196-41AD-96E2-72F665D593AC}.Release|Any CPU.Build.0 = Release|Any CPU
		{DDCC9930-1703-4C17-8C4B-230D50FDA316}.Debug|Any CPU.ActiveCfg = Debug|Any CPU
		{DDCC9930-1703-4C17-8C4B-230D50FDA316}.Debug|Any CPU.Build.0 = Debug|Any CPU
		{DDCC9930-1703-4C17-8C4B-230D50FDA316}.Release|Any CPU.ActiveCfg = Release|Any CPU
		{DDCC9930-1703-4C17-8C4B-230D50FDA316}.Release|Any CPU.Build.0 = Release|Any CPU
		{3DEFE6D1-64D5-4F22-9F44-A2A70A4B9AAB}.Debug|Any CPU.ActiveCfg = Debug|Any CPU
		{3DEFE6D1-64D5-4F22-9F44-A2A70A4B9AAB}.Debug|Any CPU.Build.0 = Debug|Any CPU
		{3DEFE6D1-64D5-4F22-9F44-A2A70A4B9AAB}.Release|Any CPU.ActiveCfg = Release|Any CPU
		{3DEFE6D1-64D5-4F22-9F44-A2A70A4B9AAB}.Release|Any CPU.Build.0 = Release|Any CPU
		{DC33B442-A396-4619-A147-038C80BE29CD}.Debug|Any CPU.ActiveCfg = Debug|Any CPU
		{DC33B442-A396-4619-A147-038C80BE29CD}.Debug|Any CPU.Build.0 = Debug|Any CPU
		{DC33B442-A396-4619-A147-038C80BE29CD}.Release|Any CPU.ActiveCfg = Release|Any CPU
		{DC33B442-A396-4619-A147-038C80BE29CD}.Release|Any CPU.Build.0 = Release|Any CPU
		{AC58C322-BDAE-49D2-A499-0D2C57A7FD09}.Debug|Any CPU.ActiveCfg = Debug|Any CPU
		{AC58C322-BDAE-49D2-A499-0D2C57A7FD09}.Debug|Any CPU.Build.0 = Debug|Any CPU
		{AC58C322-BDAE-49D2-A499-0D2C57A7FD09}.Release|Any CPU.ActiveCfg = Release|Any CPU
		{AC58C322-BDAE-49D2-A499-0D2C57A7FD09}.Release|Any CPU.Build.0 = Release|Any CPU
		{61C08127-8997-43C9-B455-1F1AA06347E6}.Debug|Any CPU.ActiveCfg = Debug|Any CPU
		{61C08127-8997-43C9-B455-1F1AA06347E6}.Debug|Any CPU.Build.0 = Debug|Any CPU
		{61C08127-8997-43C9-B455-1F1AA06347E6}.Release|Any CPU.ActiveCfg = Release|Any CPU
		{61C08127-8997-43C9-B455-1F1AA06347E6}.Release|Any CPU.Build.0 = Release|Any CPU
		{0A7EACDF-0C23-4694-BD84-012C24E476AD}.Debug|Any CPU.ActiveCfg = Debug|Any CPU
		{0A7EACDF-0C23-4694-BD84-012C24E476AD}.Debug|Any CPU.Build.0 = Debug|Any CPU
		{0A7EACDF-0C23-4694-BD84-012C24E476AD}.Release|Any CPU.ActiveCfg = Release|Any CPU
		{0A7EACDF-0C23-4694-BD84-012C24E476AD}.Release|Any CPU.Build.0 = Release|Any CPU
		{2F503E85-861D-4074-B698-719B05DB0C76}.Debug|Any CPU.ActiveCfg = Debug|Any CPU
		{2F503E85-861D-4074-B698-719B05DB0C76}.Debug|Any CPU.Build.0 = Debug|Any CPU
		{2F503E85-861D-4074-B698-719B05DB0C76}.Release|Any CPU.ActiveCfg = Release|Any CPU
		{2F503E85-861D-4074-B698-719B05DB0C76}.Release|Any CPU.Build.0 = Release|Any CPU
		{F23BA7D6-FAEA-4C85-B769-E48D489AF253}.Debug|Any CPU.ActiveCfg = Debug|Any CPU
		{F23BA7D6-FAEA-4C85-B769-E48D489AF253}.Debug|Any CPU.Build.0 = Debug|Any CPU
		{F23BA7D6-FAEA-4C85-B769-E48D489AF253}.Release|Any CPU.ActiveCfg = Release|Any CPU
		{F23BA7D6-FAEA-4C85-B769-E48D489AF253}.Release|Any CPU.Build.0 = Release|Any CPU
		{4E17C4D2-09D4-4DCE-9C1D-DCB016FFC135}.Debug|Any CPU.ActiveCfg = Debug|Any CPU
		{4E17C4D2-09D4-4DCE-9C1D-DCB016FFC135}.Debug|Any CPU.Build.0 = Debug|Any CPU
		{4E17C4D2-09D4-4DCE-9C1D-DCB016FFC135}.Release|Any CPU.ActiveCfg = Release|Any CPU
		{4E17C4D2-09D4-4DCE-9C1D-DCB016FFC135}.Release|Any CPU.Build.0 = Release|Any CPU
		{166D451F-34D3-45FF-9DAC-DF2940BD8052}.Debug|Any CPU.ActiveCfg = Debug|Any CPU
		{166D451F-34D3-45FF-9DAC-DF2940BD8052}.Debug|Any CPU.Build.0 = Debug|Any CPU
		{166D451F-34D3-45FF-9DAC-DF2940BD8052}.Release|Any CPU.ActiveCfg = Release|Any CPU
		{166D451F-34D3-45FF-9DAC-DF2940BD8052}.Release|Any CPU.Build.0 = Release|Any CPU
		{719C8FA7-CCA9-438F-A3DC-D6394A50A375}.Debug|Any CPU.ActiveCfg = Debug|Any CPU
		{719C8FA7-CCA9-438F-A3DC-D6394A50A375}.Debug|Any CPU.Build.0 = Debug|Any CPU
		{719C8FA7-CCA9-438F-A3DC-D6394A50A375}.Release|Any CPU.ActiveCfg = Release|Any CPU
		{719C8FA7-CCA9-438F-A3DC-D6394A50A375}.Release|Any CPU.Build.0 = Release|Any CPU
		{023F4DF0-C5B4-4EB3-9CD9-89A3AAA19268}.Debug|Any CPU.ActiveCfg = Debug|Any CPU
		{023F4DF0-C5B4-4EB3-9CD9-89A3AAA19268}.Debug|Any CPU.Build.0 = Debug|Any CPU
		{023F4DF0-C5B4-4EB3-9CD9-89A3AAA19268}.Release|Any CPU.ActiveCfg = Release|Any CPU
		{023F4DF0-C5B4-4EB3-9CD9-89A3AAA19268}.Release|Any CPU.Build.0 = Release|Any CPU
		{5F8CB52A-BA67-4D9A-9D20-25A44530789C}.Debug|Any CPU.ActiveCfg = Debug|Any CPU
		{5F8CB52A-BA67-4D9A-9D20-25A44530789C}.Debug|Any CPU.Build.0 = Debug|Any CPU
		{5F8CB52A-BA67-4D9A-9D20-25A44530789C}.Release|Any CPU.ActiveCfg = Release|Any CPU
		{5F8CB52A-BA67-4D9A-9D20-25A44530789C}.Release|Any CPU.Build.0 = Release|Any CPU
	EndGlobalSection
	GlobalSection(SolutionProperties) = preSolution
		HideSolutionNode = FALSE
	EndGlobalSection
	GlobalSection(NestedProjects) = preSolution
		{BBB9EE1F-A6D0-4C24-B912-DFBD0FC993E5} = {10817084-FAD8-493B-8D03-018F494E4DC4}
		{93AF37D6-77BB-4D0E-8084-D5907AE869B2} = {10817084-FAD8-493B-8D03-018F494E4DC4}
		{4A02F054-6AC9-4527-A116-19B70CE82C8F} = {10817084-FAD8-493B-8D03-018F494E4DC4}
		{C53B435A-FFFC-45BF-8B89-911A9B318404} = {0362D94F-B4F7-4A2A-A79F-5DF56D367CF2}
		{B2F671AE-9D16-46AA-BB08-168234E7EAD5} = {0362D94F-B4F7-4A2A-A79F-5DF56D367CF2}
		{1317ECD4-3A5D-401B-A286-39F668B4FA84} = {0362D94F-B4F7-4A2A-A79F-5DF56D367CF2}
		{DEB7DE1B-8DE7-44E0-AB7B-6BF242C4AFF0} = {221512CA-6CCF-4417-80C0-AEE63D3DFA42}
		{BD31A67C-D196-41AD-96E2-72F665D593AC} = {221512CA-6CCF-4417-80C0-AEE63D3DFA42}
		{DDCC9930-1703-4C17-8C4B-230D50FDA316} = {221512CA-6CCF-4417-80C0-AEE63D3DFA42}
		{3DEFE6D1-64D5-4F22-9F44-A2A70A4B9AAB} = {228AD718-3425-4172-8BD8-247DB3F70617}
		{DC33B442-A396-4619-A147-038C80BE29CD} = {228AD718-3425-4172-8BD8-247DB3F70617}
		{AC58C322-BDAE-49D2-A499-0D2C57A7FD09} = {228AD718-3425-4172-8BD8-247DB3F70617}
		{61C08127-8997-43C9-B455-1F1AA06347E6} = {827A092C-70EF-4ECC-A679-40500C1D3FB3}
		{0A7EACDF-0C23-4694-BD84-012C24E476AD} = {827A092C-70EF-4ECC-A679-40500C1D3FB3}
		{2F503E85-861D-4074-B698-719B05DB0C76} = {827A092C-70EF-4ECC-A679-40500C1D3FB3}
		{F23BA7D6-FAEA-4C85-B769-E48D489AF253} = {B16B64C8-56A7-45B9-BF9D-CB03F77FD11A}
		{4E17C4D2-09D4-4DCE-9C1D-DCB016FFC135} = {B16B64C8-56A7-45B9-BF9D-CB03F77FD11A}
		{166D451F-34D3-45FF-9DAC-DF2940BD8052} = {B16B64C8-56A7-45B9-BF9D-CB03F77FD11A}
		{719C8FA7-CCA9-438F-A3DC-D6394A50A375} = {13D42B6E-E5C6-46E6-8736-62A059ABB9B8}
		{023F4DF0-C5B4-4EB3-9CD9-89A3AAA19268} = {13D42B6E-E5C6-46E6-8736-62A059ABB9B8}
		{5F8CB52A-BA67-4D9A-9D20-25A44530789C} = {13D42B6E-E5C6-46E6-8736-62A059ABB9B8}
	EndGlobalSection
	GlobalSection(ExtensibilityGlobals) = postSolution
		SolutionGuid = {CB6DFA1F-541E-45BF-93C4-D11AB95AE3B9}
	EndGlobalSection
EndGlobal
